{
  "originHash" : "dc156ba84a98717582abb79ea2ad530383f4833b00763c843a4e684d739fa65d",
  "pins" : [
    {
      "identity" : "sparkle",
      "kind" : "remoteSourceControl",
      "location" : "https://github.com/sparkle-project/Sparkle",
      "state" : {
        "revision" : "d46d456107feacc80711b21847b82b07bd9fb46e",
        "version" : "2.9.3"
      }
    },
    {
      "identity" : "yams",
      "kind" : "remoteSourceControl",
      "location" : "https://github.com/jpsim/Yams.git",
      "state" : {
        "revision" : "3d6871d5b4a5cd519adf233fbb576e0a2af71c17",
        "version" : "5.4.0"
      }
    }
  ],
  "version" : 3
}
